github.com/AidosKuneen/cuckoo v0.0.0-20210309120000-d1ad3b942bbe h1:IPGBYYH4sPNNzf4RhikcPlCceEtgWNEJQijBqjpxy4w=
github.com/AidosKuneen/cuckoo v0.0.0-20210309120000-d1ad3b942bbe/go.mod h1:Yabr7WT9plIl27P5sJePmc9wN3XMmXL4JZjdGVaf94s=
github.com/AidosKuneen/numcpu v0.0.0-20210210150138-97011676ebca/go.mod h1:UTejm94zEk8LINQRE73pcVBWfv9BewaPVQqmmmBs25E=
github.com/AidosKuneen/numcpu v0.0.0-20210309212959-d614971be226 h1:dkHW9jcN/rqXNmcKuQ9MdXm0a2XZW+GhSpYAQCziDtk=
github.com/AidosKuneen/numcpu v0.0.0-20210309212959-d614971be226/go.mod h1:UTejm94zEk8LINQRE73pcVBWfv9BewaPVQqmmmBs25E=
github.com/pkg/errors v0.9.1 h1:FEBLx1zS214owpjy7qsBeixbURkuhQAwrK5UwLGTwt4=
github.com/pkg/errors v0.9.1/go.mod h1:bwawxfHBFNV+L2hUp1rHADufV3IMtnDRdf1r5NINEl0=
golang.org/x/crypto v0.12.0 h1:tFM/ta59kqch6LlvYnPa0yx5a83cL2nHflFhYKvv9Yk=
golang.org/x/crypto v0.12.0/go.mod h1:NF0Gs7EO5K4qLn+Ylc+fih8BSTeIjAP05siRnAh98yw=
golang.org/x/sys v0.11.0 h1:eG7RXZHdqOJ1i+0lgLgCpSXAp6M3LYlAo6osgSi0xOM=
golang.org/x/sys v0.11.0/go.mod h1:oPkhp1MJrh7nUepCBck5+mAzfO9JrbApNNgaTdGDITg=
